
Microsoft Visual Studio Solution File, Format Version 12.00
Project("{FAE04EC0-301F-11D3-BF4B-00C04F79EFBC}") = "SieveOfEratosthenes", "SieveOfEratosthenes\SieveOfEratosthenes.csproj", "{C61C4DC4-B34B-482B-8709-B2B57060562F}"
EndProject
Global
	GlobalSection(SolutionConfigurationPlatforms) = preSolution
		Debug|Any CPU = Debug|Any CPU
		Release|Any CPU = Release|Any CPU
	EndGlobalSection
	GlobalSection(ProjectConfigurationPlatforms) = postSolution
		{C61C4DC4-B34B-482B-8709-B2B57060562F}.Debug|Any CPU.ActiveCfg = Debug|Any CPU
		{C61C4DC4-B34B-482B-8709-B2B57060562F}.Debug|Any CPU.Build.0 = Debug|Any CPU
		{C61C4DC4-B34B-482B-8709-B2B57060562F}.Release|Any CPU.ActiveCfg = Release|Any CPU
		{C61C4DC4-B34B-482B-8709-B2B57060562F}.Release|Any CPU.Build.0 = Release|Any CPU
	EndGlobalSection
EndGlobal
